
Microsoft Visual Studio Solution File, Format Version 12.00
# Visual Studio Version 17
VisualStudioVersion = 17.3.32819.101
MinimumVisualStudioVersion = 10.0.40219.1
Project("{9A19103F-16F7-4668-BE54-9A1E7A4F7556}") = "Northwind.DAL", "Northwind.DAL\Northwind.DAL.csproj", "{E40F375F-31A4-4074-B1D7-1FCC40B0865B}"
EndProject
Project("{9A19103F-16F7-4668-BE54-9A1E7A4F7556}") = "Northwind.BLL", "Northwind.BLL\Northwind.BLL.csproj", "{2B625E6C-0C7A-4F42-A2E7-A2C65E186F0F}"
EndProject
Project("{9A19103F-16F7-4668-BE54-9A1E7A4F7556}") = "Northwind.Tests", "Northwind.Tests\Northwind.Tests.csproj", "{ECDCC1AA-6A8F-4F71-B091-0A17BDEF35E5}"
EndProject
Project("{9A19103F-16F7-4668-BE54-9A1E7A4F7556}") = "Northwind", "Northwind\Northwind.csproj", "{86ED56C9-D1FE-47E9-BC85-0389F15FCD2C}"
EndProject
Project("{2150E333-8FDC-42A3-9474-1A3956D46DE8}") = "Resources", "Resources", "{D0DA33BA-C7B2-42DF-A9CD-32C089E9330D}"
	ProjectSection(SolutionItems) = preProject
		Resources\instnwnd2005_original.sql = Resources\instnwnd2005_original.sql
		Resources\Northwind EF Migration.docx = Resources\Northwind EF Migration.docx
	EndProjectSection
EndProject
Project("{9A19103F-16F7-4668-BE54-9A1E7A4F7556}") = "tools.essentials", "tools.essentials\tools.essentials.csproj", "{3FB9F375-3525-4BA6-BC6A-7DA7DCA5A03D}"
EndProject
Project("{9A19103F-16F7-4668-BE54-9A1E7A4F7556}") = "tools.utility", "tools.utility\tools.utility.csproj", "{D4E213C6-BBAF-4738-B9E2-74AFC7FAA7D2}"
EndProject
Global
	GlobalSection(SolutionConfigurationPlatforms) = preSolution
		Debug|Any CPU = Debug|Any CPU
		Release|Any CPU = Release|Any CPU
	EndGlobalSection
	GlobalSection(ProjectConfigurationPlatforms) = postSolution
		{E40F375F-31A4-4074-B1D7-1FCC40B0865B}.Debug|Any CPU.ActiveCfg = Debug|Any CPU
		{E40F375F-31A4-4074-B1D7-1FCC40B0865B}.Debug|Any CPU.Build.0 = Debug|Any CPU
		{E40F375F-31A4-4074-B1D7-1FCC40B0865B}.Release|Any CPU.ActiveCfg = Release|Any CPU
		{E40F375F-31A4-4074-B1D7-1FCC40B0865B}.Release|Any CPU.Build.0 = Release|Any CPU
		{2B625E6C-0C7A-4F42-A2E7-A2C65E186F0F}.Debug|Any CPU.ActiveCfg = Debug|Any CPU
		{2B625E6C-0C7A-4F42-A2E7-A2C65E186F0F}.Debug|Any CPU.Build.0 = Debug|Any CPU
		{2B625E6C-0C7A-4F42-A2E7-A2C65E186F0F}.Release|Any CPU.ActiveCfg = Release|Any CPU
		{2B625E6C-0C7A-4F42-A2E7-A2C65E186F0F}.Release|Any CPU.Build.0 = Release|Any CPU
		{ECDCC1AA-6A8F-4F71-B091-0A17BDEF35E5}.Debug|Any CPU.ActiveCfg = Debug|Any CPU
		{ECDCC1AA-6A8F-4F71-B091-0A17BDEF35E5}.Debug|Any CPU.Build.0 = Debug|Any CPU
		{ECDCC1AA-6A8F-4F71-B091-0A17BDEF35E5}.Release|Any CPU.ActiveCfg = Release|Any CPU
		{ECDCC1AA-6A8F-4F71-B091-0A17BDEF35E5}.Release|Any CPU.Build.0 = Release|Any CPU
		{86ED56C9-D1FE-47E9-BC85-0389F15FCD2C}.Debug|Any CPU.ActiveCfg = Debug|Any CPU
		{86ED56C9-D1FE-47E9-BC85-0389F15FCD2C}.Debug|Any CPU.Build.0 = Debug|Any CPU
		{86ED56C9-D1FE-47E9-BC85-0389F15FCD2C}.Release|Any CPU.ActiveCfg = Release|Any CPU
		{86ED56C9-D1FE-47E9-BC85-0389F15FCD2C}.Release|Any CPU.Build.0 = Release|Any CPU
		{3FB9F375-3525-4BA6-BC6A-7DA7DCA5A03D}.Debug|Any CPU.ActiveCfg = Debug|Any CPU
		{3FB9F375-3525-4BA6-BC6A-7DA7DCA5A03D}.Debug|Any CPU.Build.0 = Debug|Any CPU
		{3FB9F375-3525-4BA6-BC6A-7DA7DCA5A03D}.Release|Any CPU.ActiveCfg = Release|Any CPU
		{3FB9F375-3525-4BA6-BC6A-7DA7DCA5A03D}.Release|Any CPU.Build.0 = Release|Any CPU
		{D4E213C6-BBAF-4738-B9E2-74AFC7FAA7D2}.Debug|Any CPU.ActiveCfg = Debug|Any CPU
		{D4E213C6-BBAF-4738-B9E2-74AFC7FAA7D2}.Debug|Any CPU.Build.0 = Debug|Any CPU
		{D4E213C6-BBAF-4738-B9E2-74AFC7FAA7D2}.Release|Any CPU.ActiveCfg = Release|Any CPU
		{D4E213C6-BBAF-4738-B9E2-74AFC7FAA7D2}.Release|Any CPU.Build.0 = Release|Any CPU
	EndGlobalSection
	GlobalSection(SolutionProperties) = preSolution
		HideSolutionNode = FALSE
	EndGlobalSection
	GlobalSection(ExtensibilityGlobals) = postSolution
		SolutionGuid = {2007CB54-E8DE-46C3-9031-B1CCF06A5037}
	EndGlobalSection
EndGlobal
